// !$*UTF8*$!
{
	archiveVersion = 1;
	classes = {
	};
	objectVersion = 46;
	objects = {

/* Begin PBXBuildFile section */
		00E356F31AD99517003FC87E /* MediashareTests.m in Sources */ = {isa = PBXBuildFile; fileRef = 00E356F21AD99517003FC87E /* MediashareTests.m */; };
		0C229F83C6F7BF9972053AEE /* libPods-Mediashare-MediashareTests.a in Frameworks */ = {isa = PBXBuildFile; fileRef = BF9766C8D0B1B74E3B04BCBE /* libPods-Mediashare-MediashareTests.a */; };
		0EC594B346514E60A4E447E1 /* CircularStd-LightItalic.otf in Resources */ = {isa = PBXBuildFile; fileRef = D1A88AABC20643E3954F0D24 /* CircularStd-LightItalic.otf */; };
		13B07FBC1A68108700A75B9A /* AppDelegate.m in Sources */ = {isa = PBXBuildFile; fileRef = 13B07FB01A68108700A75B9A /* AppDelegate.m */; };
		13B07FBF1A68108700A75B9A /* Images.xcassets in Resources */ = {isa = PBXBuildFile; fileRef = 13B07FB51A68108700A75B9A /* Images.xcassets */; };
		13B07FC11A68108700A75B9A /* main.m in Sources */ = {isa = PBXBuildFile; fileRef = 13B07FB71A68108700A75B9A /* main.m */; };
		374C32BAAF2C4E04A01E7415 /* CircularStd-BlackItalic.otf in Resources */ = {isa = PBXBuildFile; fileRef = CB3CDA4429A842528C739F38 /* CircularStd-BlackItalic.otf */; };
		6380C73569EA4BE294113031 /* CircularStd-Medium.otf in Resources */ = {isa = PBXBuildFile; fileRef = 6D96462C32834B6A9D6EA6ED /* CircularStd-Medium.otf */; };
		6BE8A31ECE61CCD4571F1915 /* libPods-Mediashare.a in Frameworks */ = {isa = PBXBuildFile; fileRef = 070D0E2348FADF91A5618DB2 /* libPods-Mediashare.a */; };
		81AB9BB82411601600AC10FF /* LaunchScreen.storyboard in Resources */ = {isa = PBXBuildFile; fileRef = 81AB9BB72411601600AC10FF /* LaunchScreen.storyboard */; };
		83B17529E6F2436283F31DA6 /* CircularStd-MediumItalic.otf in Resources */ = {isa = PBXBuildFile; fileRef = 52CB673654ED41C4A5DA318D /* CircularStd-MediumItalic.otf */; };
		A3F21828F9A740088F196AC8 /* CircularStd-Book.otf in Resources */ = {isa = PBXBuildFile; fileRef = 353C5F2790544316AD72F1F4 /* CircularStd-Book.otf */; };
		A4441E043EBA4CCCA069B301 /* CircularStd-Black.otf in Resources */ = {isa = PBXBuildFile; fileRef = 0100544F6EAE4CFFB96BD11C /* CircularStd-Black.otf */; };
		B8AD400AE57D44CBB2D036CD /* CircularStd-BookItalic.otf in Resources */ = {isa = PBXBuildFile; fileRef = 1FDE7D313B9E4F4EB7A05192 /* CircularStd-BookItalic.otf */; };
		CDD5398CBF6A4CA5B04D1795 /* CircularStd-Bold.otf in Resources */ = {isa = PBXBuildFile; fileRef = 61387EB2C1C840D9A60458D2 /* CircularStd-Bold.otf */; };
		E062192C2A2245DAB643FB6A /* CircularStd-Light.otf in Resources */ = {isa = PBXBuildFile; fileRef = 3F4EBA3FC5FD4BD3BE3A8848 /* CircularStd-Light.otf */; };
		F34E2D9A43D0407CB6551CD5 /* CircularStd-BoldItalic.otf in Resources */ = {isa = PBXBuildFile; fileRef = DEAF71AD2BCB4278896346A4 /* CircularStd-BoldItalic.otf */; };
/* End PBXBuildFile section */

/* Begin PBXContainerItemProxy section */
		00E356F41AD99517003FC87E /* PBXContainerItemProxy */ = {
			isa = PBXContainerItemProxy;
			containerPortal = 83CBB9F71A601CBA00E9B192 /* Project object */;
			proxyType = 1;
			remoteGlobalIDString = 13B07F861A680F5B00A75B9A;
			remoteInfo = Mediashare;
		};
/* End PBXContainerItemProxy section */

/* Begin PBXFileReference section */
		00E356EE1AD99517003FC87E /* MediashareTests.xctest */ = {isa = PBXFileReference; explicitFileType = wrapper.cfbundle; includeInIndex = 0; path = MediashareTests.xctest; sourceTree = BUILT_PRODUCTS_DIR; };
		00E356F11AD99517003FC87E /* Info.plist */ = {isa = PBXFileReference; lastKnownFileType = text.plist.xml; path = Info.plist; sourceTree = "<group>"; };
		00E356F21AD99517003FC87E /* MediashareTests.m */ = {isa = PBXFileReference; lastKnownFileType = sourcecode.c.objc; path = MediashareTests.m; sourceTree = "<group>"; };
		0100544F6EAE4CFFB96BD11C /* CircularStd-Black.otf */ = {isa = PBXFileReference; explicitFileType = undefined; fileEncoding = 9; includeInIndex = 0; lastKnownFileType = unknown; name = "CircularStd-Black.otf"; path = "../src/assets/fonts/CircularStd-Black.otf"; sourceTree = "<group>"; };
		070D0E2348FADF91A5618DB2 /* libPods-Mediashare.a */ = {isa = PBXFileReference; explicitFileType = archive.ar; includeInIndex = 0; path = "libPods-Mediashare.a"; sourceTree = BUILT_PRODUCTS_DIR; };
		13B07F961A680F5B00A75B9A /* Mediashare.app */ = {isa = PBXFileReference; explicitFileType = wrapper.application; includeInIndex = 0; path = Mediashare.app; sourceTree = BUILT_PRODUCTS_DIR; };
		13B07FAF1A68108700A75B9A /* AppDelegate.h */ = {isa = PBXFileReference; fileEncoding = 4; lastKnownFileType = sourcecode.c.h; name = AppDelegate.h; path = Mediashare/AppDelegate.h; sourceTree = "<group>"; };
		13B07FB01A68108700A75B9A /* AppDelegate.m */ = {isa = PBXFileReference; fileEncoding = 4; lastKnownFileType = sourcecode.c.objc; name = AppDelegate.m; path = Mediashare/AppDelegate.m; sourceTree = "<group>"; };
		13B07FB51A68108700A75B9A /* Images.xcassets */ = {isa = PBXFileReference; lastKnownFileType = folder.assetcatalog; name = Images.xcassets; path = Mediashare/Images.xcassets; sourceTree = "<group>"; };
		13B07FB61A68108700A75B9A /* Info.plist */ = {isa = PBXFileReference; fileEncoding = 4; lastKnownFileType = text.plist.xml; name = Info.plist; path = Mediashare/Info.plist; sourceTree = "<group>"; };
		13B07FB71A68108700A75B9A /* main.m */ = {isa = PBXFileReference; fileEncoding = 4; lastKnownFileType = sourcecode.c.objc; name = main.m; path = Mediashare/main.m; sourceTree = "<group>"; };
		1496AB2926EDE9DA002C550C /* MediashareRelease.entitlements */ = {isa = PBXFileReference; lastKnownFileType = text.plist.entitlements; name = MediashareRelease.entitlements; path = Mediashare/MediashareRelease.entitlements; sourceTree = "<group>"; };
		17F012ECE62A22FF6483FD24 /* Pods-Mediashare-MediashareTests.release.xcconfig */ = {isa = PBXFileReference; includeInIndex = 1; lastKnownFileType = text.xcconfig; name = "Pods-Mediashare-MediashareTests.release.xcconfig"; path = "Target Support Files/Pods-Mediashare-MediashareTests/Pods-Mediashare-MediashareTests.release.xcconfig"; sourceTree = "<group>"; };
		1FDE7D313B9E4F4EB7A05192 /* CircularStd-BookItalic.otf */ = {isa = PBXFileReference; explicitFileType = undefined; fileEncoding = 9; includeInIndex = 0; lastKnownFileType = unknown; name = "CircularStd-BookItalic.otf"; path = "../src/assets/fonts/CircularStd-BookItalic.otf"; sourceTree = "<group>"; };
		22DDFF56D8AB4A109F6F6823 /* Circular-Thin.woff */ = {isa = PBXFileReference; explicitFileType = undefined; fileEncoding = 9; includeInIndex = 0; lastKnownFileType = unknown; name = "Circular-Thin.woff"; path = "../src/assets/fonts/Circular-Thin.woff"; sourceTree = "<group>"; };
		23E5EEE2E0244BE8906C6650 /* Circular-Medium.woff */ = {isa = PBXFileReference; explicitFileType = undefined; fileEncoding = 9; includeInIndex = 0; lastKnownFileType = unknown; name = "Circular-Medium.woff"; path = "../src/assets/fonts/Circular-Medium.woff"; sourceTree = "<group>"; };
		2727C072832840AC8A1339E8 /* CircularXXTTTrial-MediumItalic.ttf */ = {isa = PBXFileReference; explicitFileType = undefined; fileEncoding = 9; includeInIndex = 0; lastKnownFileType = unknown; name = "CircularXXTTTrial-MediumItalic.ttf"; path = "../src/assets/fonts/CircularXXTTTrial-MediumItalic.ttf"; sourceTree = "<group>"; };
		2B7C9FF53CF54C108D6B00F8 /* CircularXXTTTrial-Book.ttf */ = {isa = PBXFileReference; explicitFileType = undefined; fileEncoding = 9; includeInIndex = 0; lastKnownFileType = unknown; name = "CircularXXTTTrial-Book.ttf"; path = "../src/assets/fonts/CircularXXTTTrial-Book.ttf"; sourceTree = "<group>"; };
		349A0205A3CD5FB39AC9E843 /* Pods-Mediashare.debug.xcconfig */ = {isa = PBXFileReference; includeInIndex = 1; lastKnownFileType = text.xcconfig; name = "Pods-Mediashare.debug.xcconfig"; path = "Target Support Files/Pods-Mediashare/Pods-Mediashare.debug.xcconfig"; sourceTree = "<group>"; };
		353C5F2790544316AD72F1F4 /* CircularStd-Book.otf */ = {isa = PBXFileReference; explicitFileType = undefined; fileEncoding = 9; includeInIndex = 0; lastKnownFileType = unknown; name = "CircularStd-Book.otf"; path = "../src/assets/fonts/CircularStd-Book.otf"; sourceTree = "<group>"; };
		371E8C5EA12F4CDAB64CF113 /* CircularXXTTTrial-Black.ttf */ = {isa = PBXFileReference; explicitFileType = undefined; fileEncoding = 9; includeInIndex = 0; lastKnownFileType = unknown; name = "CircularXXTTTrial-Black.ttf"; path = "../src/assets/fonts/CircularXXTTTrial-Black.ttf"; sourceTree = "<group>"; };
		39C2594097184FB881594E0A /* CircularXXTTTrial-Light.ttf */ = {isa = PBXFileReference; explicitFileType = undefined; fileEncoding = 9; includeInIndex = 0; lastKnownFileType = unknown; name = "CircularXXTTTrial-Light.ttf"; path = "../src/assets/fonts/CircularXXTTTrial-Light.ttf"; sourceTree = "<group>"; };
		3F4EBA3FC5FD4BD3BE3A8848 /* CircularStd-Light.otf */ = {isa = PBXFileReference; explicitFileType = undefined; fileEncoding = 9; includeInIndex = 0; lastKnownFileType = unknown; name = "CircularStd-Light.otf"; path = "../src/assets/fonts/CircularStd-Light.otf"; sourceTree = "<group>"; };
		43E813C0F5034F068472544B /* Circular-Bold.woff */ = {isa = PBXFileReference; explicitFileType = undefined; fileEncoding = 9; includeInIndex = 0; lastKnownFileType = unknown; name = "Circular-Bold.woff"; path = "../src/assets/fonts/Circular-Bold.woff"; sourceTree = "<group>"; };
		44662D2511A043EB88EA25B1 /* Circular-Black.woff */ = {isa = PBXFileReference; explicitFileType = undefined; fileEncoding = 9; includeInIndex = 0; lastKnownFileType = unknown; name = "Circular-Black.woff"; path = "../src/assets/fonts/Circular-Black.woff"; sourceTree = "<group>"; };
		448F5FA0C67144EB86E0617B /* CircularStd-Light Italic.otf */ = {isa = PBXFileReference; explicitFileType = undefined; fileEncoding = 9; includeInIndex = 0; lastKnownFileType = unknown; name = "CircularStd-Light Italic.otf"; path = "../src/assets/fonts/CircularStd-Light Italic.otf"; sourceTree = "<group>"; };
		52CB673654ED41C4A5DA318D /* CircularStd-MediumItalic.otf */ = {isa = PBXFileReference; explicitFileType = undefined; fileEncoding = 9; includeInIndex = 0; lastKnownFileType = unknown; name = "CircularStd-MediumItalic.otf"; path = "../src/assets/fonts/CircularStd-MediumItalic.otf"; sourceTree = "<group>"; };
		602FF956F8724E6BB076DFD0 /* Circular-BookItalic.woff */ = {isa = PBXFileReference; explicitFileType = undefined; fileEncoding = 9; includeInIndex = 0; lastKnownFileType = unknown; name = "Circular-BookItalic.woff"; path = "../src/assets/fonts/Circular-BookItalic.woff"; sourceTree = "<group>"; };
		610153A94495903734743B68 /* Pods-Mediashare-MediashareTests.debug.xcconfig */ = {isa = PBXFileReference; includeInIndex = 1; lastKnownFileType = text.xcconfig; name = "Pods-Mediashare-MediashareTests.debug.xcconfig"; path = "Target Support Files/Pods-Mediashare-MediashareTests/Pods-Mediashare-MediashareTests.debug.xcconfig"; sourceTree = "<group>"; };
		61387EB2C1C840D9A60458D2 /* CircularStd-Bold.otf */ = {isa = PBXFileReference; explicitFileType = undefined; fileEncoding = 9; includeInIndex = 0; lastKnownFileType = unknown; name = "CircularStd-Bold.otf"; path = "../src/assets/fonts/CircularStd-Bold.otf"; sourceTree = "<group>"; };
		6D96462C32834B6A9D6EA6ED /* CircularStd-Medium.otf */ = {isa = PBXFileReference; explicitFileType = undefined; fileEncoding = 9; includeInIndex = 0; lastKnownFileType = unknown; name = "CircularStd-Medium.otf"; path = "../src/assets/fonts/CircularStd-Medium.otf"; sourceTree = "<group>"; };
		7029D60B4E0440128D22A2E7 /* CircularXXTTTrial-Medium.ttf */ = {isa = PBXFileReference; explicitFileType = undefined; fileEncoding = 9; includeInIndex = 0; lastKnownFileType = unknown; name = "CircularXXTTTrial-Medium.ttf"; path = "../src/assets/fonts/CircularXXTTTrial-Medium.ttf"; sourceTree = "<group>"; };
		7D692D57FC274CC29ACFC090 /* CircularXXTTTrial-BlackItalic.ttf */ = {isa = PBXFileReference; explicitFileType = undefined; fileEncoding = 9; includeInIndex = 0; lastKnownFileType = unknown; name = "CircularXXTTTrial-BlackItalic.ttf"; path = "../src/assets/fonts/CircularXXTTTrial-BlackItalic.ttf"; sourceTree = "<group>"; };
		7F8B310CF78F425289FD217F /* Circular-BoldItalic.woff */ = {isa = PBXFileReference; explicitFileType = undefined; fileEncoding = 9; includeInIndex = 0; lastKnownFileType = unknown; name = "Circular-BoldItalic.woff"; path = "../src/assets/fonts/Circular-BoldItalic.woff"; sourceTree = "<group>"; };
		81AB9BB72411601600AC10FF /* LaunchScreen.storyboard */ = {isa = PBXFileReference; fileEncoding = 4; lastKnownFileType = file.storyboard; name = LaunchScreen.storyboard; path = Mediashare/LaunchScreen.storyboard; sourceTree = "<group>"; };
		85F7545414474A8399836916 /* CircularXXTTTrial-Thin.ttf */ = {isa = PBXFileReference; explicitFileType = undefined; fileEncoding = 9; includeInIndex = 0; lastKnownFileType = unknown; name = "CircularXXTTTrial-Thin.ttf"; path = "../src/assets/fonts/CircularXXTTTrial-Thin.ttf"; sourceTree = "<group>"; };
		8F15E764E6864796BDEA746E /* CircularXXTTTrial-ThinItalic.ttf */ = {isa = PBXFileReference; explicitFileType = undefined; fileEncoding = 9; includeInIndex = 0; lastKnownFileType = unknown; name = "CircularXXTTTrial-ThinItalic.ttf"; path = "../src/assets/fonts/CircularXXTTTrial-ThinItalic.ttf"; sourceTree = "<group>"; };
		953C5268FA8B4E3F8010DEDC /* Circular-Regular.woff */ = {isa = PBXFileReference; explicitFileType = undefined; fileEncoding = 9; includeInIndex = 0; lastKnownFileType = unknown; name = "Circular-Regular.woff"; path = "../src/assets/fonts/Circular-Regular.woff"; sourceTree = "<group>"; };
		9972A2CB5B714EE6999A6249 /* Circular-MediumItalic.woff */ = {isa = PBXFileReference; explicitFileType = undefined; fileEncoding = 9; includeInIndex = 0; lastKnownFileType = unknown; name = "Circular-MediumItalic.woff"; path = "../src/assets/fonts/Circular-MediumItalic.woff"; sourceTree = "<group>"; };
		9A84FB07D77148D89F9F485D /* CircularXXTTTrial-ExtraBlack.ttf */ = {isa = PBXFileReference; explicitFileType = undefined; fileEncoding = 9; includeInIndex = 0; lastKnownFileType = unknown; name = "CircularXXTTTrial-ExtraBlack.ttf"; path = "../src/assets/fonts/CircularXXTTTrial-ExtraBlack.ttf"; sourceTree = "<group>"; };
		A24B0A8F81F64204AAA9217A /* Circular-BlackItalic.woff */ = {isa = PBXFileReference; explicitFileType = undefined; fileEncoding = 9; includeInIndex = 0; lastKnownFileType = unknown; name = "Circular-BlackItalic.woff"; path = "../src/assets/fonts/Circular-BlackItalic.woff"; sourceTree = "<group>"; };
		A38EFE928C42418AABA11DCA /* CircularXXTTTrial-LightItalic.ttf */ = {isa = PBXFileReference; explicitFileType = undefined; fileEncoding = 9; includeInIndex = 0; lastKnownFileType = unknown; name = "CircularXXTTTrial-LightItalic.ttf"; path = "../src/assets/fonts/CircularXXTTTrial-LightItalic.ttf"; sourceTree = "<group>"; };
		A4368D5858FB49C182F53834 /* CircularXXTTTrial-Regular.ttf */ = {isa = PBXFileReference; explicitFileType = undefined; fileEncoding = 9; includeInIndex = 0; lastKnownFileType = unknown; name = "CircularXXTTTrial-Regular.ttf"; path = "../src/assets/fonts/CircularXXTTTrial-Regular.ttf"; sourceTree = "<group>"; };
		BE23410D862040F39A54C8FC /* CircularXXTTTrial-Bold.ttf */ = {isa = PBXFileReference; explicitFileType = undefined; fileEncoding = 9; includeInIndex = 0; lastKnownFileType = unknown; name = "CircularXXTTTrial-Bold.ttf"; path = "../src/assets/fonts/CircularXXTTTrial-Bold.ttf"; sourceTree = "<group>"; };
		BEC0FE0DD95C4874B60E4013 /* Circular-LightItalic.woff */ = {isa = PBXFileReference; explicitFileType = undefined; fileEncoding = 9; includeInIndex = 0; lastKnownFileType = unknown; name = "Circular-LightItalic.woff"; path = "../src/assets/fonts/Circular-LightItalic.woff"; sourceTree = "<group>"; };
		BF9766C8D0B1B74E3B04BCBE /* libPods-Mediashare-MediashareTests.a */ = {isa = PBXFileReference; explicitFileType = archive.ar; includeInIndex = 0; path = "libPods-Mediashare-MediashareTests.a"; sourceTree = BUILT_PRODUCTS_DIR; };
		C00354F1127D457B9DC90C2E /* CircularXXTTTrial-BookItalic.ttf */ = {isa = PBXFileReference; explicitFileType = undefined; fileEncoding = 9; includeInIndex = 0; lastKnownFileType = unknown; name = "CircularXXTTTrial-BookItalic.ttf"; path = "../src/assets/fonts/CircularXXTTTrial-BookItalic.ttf"; sourceTree = "<group>"; };
		CB3CDA4429A842528C739F38 /* CircularStd-BlackItalic.otf */ = {isa = PBXFileReference; explicitFileType = undefined; fileEncoding = 9; includeInIndex = 0; lastKnownFileType = unknown; name = "CircularStd-BlackItalic.otf"; path = "../src/assets/fonts/CircularStd-BlackItalic.otf"; sourceTree = "<group>"; };
		CC64ED93E63F4E7A9B6DD7CA /* CircularXXTTTrial-Italic.ttf */ = {isa = PBXFileReference; explicitFileType = undefined; fileEncoding = 9; includeInIndex = 0; lastKnownFileType = unknown; name = "CircularXXTTTrial-Italic.ttf"; path = "../src/assets/fonts/CircularXXTTTrial-Italic.ttf"; sourceTree = "<group>"; };
		CDD727489EA5452DB8C94163 /* Circular-Italic.woff */ = {isa = PBXFileReference; explicitFileType = undefined; fileEncoding = 9; includeInIndex = 0; lastKnownFileType = unknown; name = "Circular-Italic.woff"; path = "../src/assets/fonts/Circular-Italic.woff"; sourceTree = "<group>"; };
		D08F3926900442918347CC46 /* Circular-Book.woff */ = {isa = PBXFileReference; explicitFileType = undefined; fileEncoding = 9; includeInIndex = 0; lastKnownFileType = unknown; name = "Circular-Book.woff"; path = "../src/assets/fonts/Circular-Book.woff"; sourceTree = "<group>"; };
		D1A88AABC20643E3954F0D24 /* CircularStd-LightItalic.otf */ = {isa = PBXFileReference; explicitFileType = undefined; fileEncoding = 9; includeInIndex = 0; lastKnownFileType = unknown; name = "CircularStd-LightItalic.otf"; path = "../src/assets/fonts/CircularStd-LightItalic.otf"; sourceTree = "<group>"; };
		D1CA35F83C366C7FF8395540 /* Pods-Mediashare.release.xcconfig */ = {isa = PBXFileReference; includeInIndex = 1; lastKnownFileType = text.xcconfig; name = "Pods-Mediashare.release.xcconfig"; path = "Target Support Files/Pods-Mediashare/Pods-Mediashare.release.xcconfig"; sourceTree = "<group>"; };
		D54C23098C3C4E9A8A3D2688 /* Circular-ExtraBlackItalic.woff */ = {isa = PBXFileReference; explicitFileType = undefined; fileEncoding = 9; includeInIndex = 0; lastKnownFileType = unknown; name = "Circular-ExtraBlackItalic.woff"; path = "../src/assets/fonts/Circular-ExtraBlackItalic.woff"; sourceTree = "<group>"; };
		D5F0D7694FDF4E90AE39CC0F /* CircularXXTTTrial-ExtraBlackItalic.ttf */ = {isa = PBXFileReference; explicitFileType = undefined; fileEncoding = 9; includeInIndex = 0; lastKnownFileType = unknown; name = "CircularXXTTTrial-ExtraBlackItalic.ttf"; path = "../src/assets/fonts/CircularXXTTTrial-ExtraBlackItalic.ttf"; sourceTree = "<group>"; };
		D9276D123BD3451895F18EF9 /* Circular-ExtraBlack.woff */ = {isa = PBXFileReference; explicitFileType = undefined; fileEncoding = 9; includeInIndex = 0; lastKnownFileType = unknown; name = "Circular-ExtraBlack.woff"; path = "../src/assets/fonts/Circular-ExtraBlack.woff"; sourceTree = "<group>"; };
		DEAF71AD2BCB4278896346A4 /* CircularStd-BoldItalic.otf */ = {isa = PBXFileReference; explicitFileType = undefined; fileEncoding = 9; includeInIndex = 0; lastKnownFileType = unknown; name = "CircularStd-BoldItalic.otf"; path = "../src/assets/fonts/CircularStd-BoldItalic.otf"; sourceTree = "<group>"; };
		E20CEBD2BE8A4D65AFF143FD /* Circular-ThinItalic.woff */ = {isa = PBXFileReference; explicitFileType = undefined; fileEncoding = 9; includeInIndex = 0; lastKnownFileType = unknown; name = "Circular-ThinItalic.woff"; path = "../src/assets/fonts/Circular-ThinItalic.woff"; sourceTree = "<group>"; };
		E4F615014C3545B4914297EE /* CircularXXTTTrial-BoldItalic.ttf */ = {isa = PBXFileReference; explicitFileType = undefined; fileEncoding = 9; includeInIndex = 0; lastKnownFileType = unknown; name = "CircularXXTTTrial-BoldItalic.ttf"; path = "../src/assets/fonts/CircularXXTTTrial-BoldItalic.ttf"; sourceTree = "<group>"; };
		E8E40CBD28CF4699824D6F24 /* Circular-Light.woff */ = {isa = PBXFileReference; explicitFileType = undefined; fileEncoding = 9; includeInIndex = 0; lastKnownFileType = unknown; name = "Circular-Light.woff"; path = "../src/assets/fonts/Circular-Light.woff"; sourceTree = "<group>"; };
		ED297162215061F000B7C4FE /* JavaScriptCore.framework */ = {isa = PBXFileReference; lastKnownFileType = wrapper.framework; name = JavaScriptCore.framework; path = System/Library/Frameworks/JavaScriptCore.framework; sourceTree = SDKROOT; };
		ED2971642150620600B7C4FE /* JavaScriptCore.framework */ = {isa = PBXFileReference; lastKnownFileType = wrapper.framework; name = JavaScriptCore.framework; path = Platforms/AppleTVOS.platform/Developer/SDKs/AppleTVOS12.0.sdk/System/Library/Frameworks/JavaScriptCore.framework; sourceTree = DEVELOPER_DIR; };
/* End PBXFileReference section */

/* Begin PBXFrameworksBuildPhase section */
		00E356EB1AD99517003FC87E /* Frameworks */ = {
			isa = PBXFrameworksBuildPhase;
			buildActionMask = 2147483647;
			files = (
				0C229F83C6F7BF9972053AEE /* libPods-Mediashare-MediashareTests.a in Frameworks */,
			);
			runOnlyForDeploymentPostprocessing = 0;
		};
		13B07F8C1A680F5B00A75B9A /* Frameworks */ = {
			isa = PBXFrameworksBuildPhase;
			buildActionMask = 2147483647;
			files = (
				6BE8A31ECE61CCD4571F1915 /* libPods-Mediashare.a in Frameworks */,
			);
			runOnlyForDeploymentPostprocessing = 0;
		};
/* End PBXFrameworksBuildPhase section */

/* Begin PBXGroup section */
		00E356EF1AD99517003FC87E /* MediashareTests */ = {
			isa = PBXGroup;
			children = (
				00E356F21AD99517003FC87E /* MediashareTests.m */,
				00E356F01AD99517003FC87E /* Supporting Files */,
			);
			path = MediashareTests;
			sourceTree = "<group>";
		};
		00E356F01AD99517003FC87E /* Supporting Files */ = {
			isa = PBXGroup;
			children = (
				00E356F11AD99517003FC87E /* Info.plist */,
			);
			name = "Supporting Files";
			sourceTree = "<group>";
		};
		13B07FAE1A68108700A75B9A /* Mediashare */ = {
			isa = PBXGroup;
			children = (
				1496AB2926EDE9DA002C550C /* MediashareRelease.entitlements */,
				13B07FAF1A68108700A75B9A /* AppDelegate.h */,
				13B07FB01A68108700A75B9A /* AppDelegate.m */,
				13B07FB51A68108700A75B9A /* Images.xcassets */,
				13B07FB61A68108700A75B9A /* Info.plist */,
				81AB9BB72411601600AC10FF /* LaunchScreen.storyboard */,
				13B07FB71A68108700A75B9A /* main.m */,
			);
			name = Mediashare;
			sourceTree = "<group>";
		};
		2D16E6871FA4F8E400B85C8A /* Frameworks */ = {
			isa = PBXGroup;
			children = (
				ED297162215061F000B7C4FE /* JavaScriptCore.framework */,
				ED2971642150620600B7C4FE /* JavaScriptCore.framework */,
				070D0E2348FADF91A5618DB2 /* libPods-Mediashare.a */,
				BF9766C8D0B1B74E3B04BCBE /* libPods-Mediashare-MediashareTests.a */,
			);
			name = Frameworks;
			sourceTree = "<group>";
		};
		4DBA8015A8D04721986BE0CF /* Resources */ = {
			isa = PBXGroup;
			children = (
				44662D2511A043EB88EA25B1 /* Circular-Black.woff */,
				A24B0A8F81F64204AAA9217A /* Circular-BlackItalic.woff */,
				43E813C0F5034F068472544B /* Circular-Bold.woff */,
				7F8B310CF78F425289FD217F /* Circular-BoldItalic.woff */,
				D08F3926900442918347CC46 /* Circular-Book.woff */,
				602FF956F8724E6BB076DFD0 /* Circular-BookItalic.woff */,
				D9276D123BD3451895F18EF9 /* Circular-ExtraBlack.woff */,
				D54C23098C3C4E9A8A3D2688 /* Circular-ExtraBlackItalic.woff */,
				CDD727489EA5452DB8C94163 /* Circular-Italic.woff */,
				E8E40CBD28CF4699824D6F24 /* Circular-Light.woff */,
				BEC0FE0DD95C4874B60E4013 /* Circular-LightItalic.woff */,
				23E5EEE2E0244BE8906C6650 /* Circular-Medium.woff */,
				9972A2CB5B714EE6999A6249 /* Circular-MediumItalic.woff */,
				953C5268FA8B4E3F8010DEDC /* Circular-Regular.woff */,
				22DDFF56D8AB4A109F6F6823 /* Circular-Thin.woff */,
				E20CEBD2BE8A4D65AFF143FD /* Circular-ThinItalic.woff */,
				371E8C5EA12F4CDAB64CF113 /* CircularXXTTTrial-Black.ttf */,
				7D692D57FC274CC29ACFC090 /* CircularXXTTTrial-BlackItalic.ttf */,
				BE23410D862040F39A54C8FC /* CircularXXTTTrial-Bold.ttf */,
				E4F615014C3545B4914297EE /* CircularXXTTTrial-BoldItalic.ttf */,
				2B7C9FF53CF54C108D6B00F8 /* CircularXXTTTrial-Book.ttf */,
				C00354F1127D457B9DC90C2E /* CircularXXTTTrial-BookItalic.ttf */,
				9A84FB07D77148D89F9F485D /* CircularXXTTTrial-ExtraBlack.ttf */,
				D5F0D7694FDF4E90AE39CC0F /* CircularXXTTTrial-ExtraBlackItalic.ttf */,
				CC64ED93E63F4E7A9B6DD7CA /* CircularXXTTTrial-Italic.ttf */,
				39C2594097184FB881594E0A /* CircularXXTTTrial-Light.ttf */,
				A38EFE928C42418AABA11DCA /* CircularXXTTTrial-LightItalic.ttf */,
				7029D60B4E0440128D22A2E7 /* CircularXXTTTrial-Medium.ttf */,
				2727C072832840AC8A1339E8 /* CircularXXTTTrial-MediumItalic.ttf */,
				A4368D5858FB49C182F53834 /* CircularXXTTTrial-Regular.ttf */,
				85F7545414474A8399836916 /* CircularXXTTTrial-Thin.ttf */,
				8F15E764E6864796BDEA746E /* CircularXXTTTrial-ThinItalic.ttf */,
				0100544F6EAE4CFFB96BD11C /* CircularStd-Black.otf */,
				CB3CDA4429A842528C739F38 /* CircularStd-BlackItalic.otf */,
				61387EB2C1C840D9A60458D2 /* CircularStd-Bold.otf */,
				DEAF71AD2BCB4278896346A4 /* CircularStd-BoldItalic.otf */,
				353C5F2790544316AD72F1F4 /* CircularStd-Book.otf */,
				1FDE7D313B9E4F4EB7A05192 /* CircularStd-BookItalic.otf */,
				448F5FA0C67144EB86E0617B /* CircularStd-Light Italic.otf */,
				3F4EBA3FC5FD4BD3BE3A8848 /* CircularStd-Light.otf */,
				6D96462C32834B6A9D6EA6ED /* CircularStd-Medium.otf */,
				52CB673654ED41C4A5DA318D /* CircularStd-MediumItalic.otf */,
				D1A88AABC20643E3954F0D24 /* CircularStd-LightItalic.otf */,
			);
			name = Resources;
			sourceTree = "<group>";
		};
		832341AE1AAA6A7D00B99B32 /* Libraries */ = {
			isa = PBXGroup;
			children = (
			);
			name = Libraries;
			sourceTree = "<group>";
		};
		83CBB9F61A601CBA00E9B192 = {
			isa = PBXGroup;
			children = (
				13B07FAE1A68108700A75B9A /* Mediashare */,
				832341AE1AAA6A7D00B99B32 /* Libraries */,
				00E356EF1AD99517003FC87E /* MediashareTests */,
				83CBBA001A601CBA00E9B192 /* Products */,
				2D16E6871FA4F8E400B85C8A /* Frameworks */,
				A978FE09CA8889EA35D14DAF /* Pods */,
				4DBA8015A8D04721986BE0CF /* Resources */,
			);
			indentWidth = 2;
			sourceTree = "<group>";
			tabWidth = 2;
			usesTabs = 0;
		};
		83CBBA001A601CBA00E9B192 /* Products */ = {
			isa = PBXGroup;
			children = (
				13B07F961A680F5B00A75B9A /* Mediashare.app */,
				00E356EE1AD99517003FC87E /* MediashareTests.xctest */,
			);
			name = Products;
			sourceTree = "<group>";
		};
		A978FE09CA8889EA35D14DAF /* Pods */ = {
			isa = PBXGroup;
			children = (
				349A0205A3CD5FB39AC9E843 /* Pods-Mediashare.debug.xcconfig */,
				D1CA35F83C366C7FF8395540 /* Pods-Mediashare.release.xcconfig */,
				610153A94495903734743B68 /* Pods-Mediashare-MediashareTests.debug.xcconfig */,
				17F012ECE62A22FF6483FD24 /* Pods-Mediashare-MediashareTests.release.xcconfig */,
			);
			path = Pods;
			sourceTree = "<group>";
		};
/* End PBXGroup section */

/* Begin PBXNativeTarget section */
		00E356ED1AD99517003FC87E /* MediashareTests */ = {
			isa = PBXNativeTarget;
			buildConfigurationList = 00E357021AD99517003FC87E /* Build configuration list for PBXNativeTarget "MediashareTests" */;
			buildPhases = (
				C82611EF4018FB72F1FD575A /* [CP] Check Pods Manifest.lock */,
				00E356EA1AD99517003FC87E /* Sources */,
				00E356EB1AD99517003FC87E /* Frameworks */,
				00E356EC1AD99517003FC87E /* Resources */,
				BE1608DD764133EE5B7E49AA /* [CP] Copy Pods Resources */,
			);
			buildRules = (
			);
			dependencies = (
				00E356F51AD99517003FC87E /* PBXTargetDependency */,
			);
			name = MediashareTests;
			productName = MediashareTests;
			productReference = 00E356EE1AD99517003FC87E /* MediashareTests.xctest */;
			productType = "com.apple.product-type.bundle.unit-test";
		};
		13B07F861A680F5B00A75B9A /* Mediashare */ = {
			isa = PBXNativeTarget;
			buildConfigurationList = 13B07F931A680F5B00A75B9A /* Build configuration list for PBXNativeTarget "Mediashare" */;
			buildPhases = (
				0F356668BEF096F8E2944470 /* [CP] Check Pods Manifest.lock */,
				FD10A7F022414F080027D42C /* Start Packager */,
				13B07F871A680F5B00A75B9A /* Sources */,
				13B07F8C1A680F5B00A75B9A /* Frameworks */,
				13B07F8E1A680F5B00A75B9A /* Resources */,
				00DD1BFF1BD5951E006B06BC /* Bundle React Native code and images */,
				CB91C778A18B58A2D2C9F85A /* [CP] Copy Pods Resources */,
			);
			buildRules = (
			);
			dependencies = (
			);
			name = Mediashare;
			productName = Mediashare;
			productReference = 13B07F961A680F5B00A75B9A /* Mediashare.app */;
			productType = "com.apple.product-type.application";
		};
/* End PBXNativeTarget section */

/* Begin PBXProject section */
		83CBB9F71A601CBA00E9B192 /* Project object */ = {
			isa = PBXProject;
			attributes = {
				LastUpgradeCheck = 1300;
				TargetAttributes = {
					00E356ED1AD99517003FC87E = {
						CreatedOnToolsVersion = 6.2;
						DevelopmentTeam = FJ6MVY73F3;
						TestTargetID = 13B07F861A680F5B00A75B9A;
					};
					13B07F861A680F5B00A75B9A = {
						DevelopmentTeam = TMV5NU32P9;
						LastSwiftMigration = 1120;
						ProvisioningStyle = Manual;
					};
				};
			};
			buildConfigurationList = 83CBB9FA1A601CBA00E9B192 /* Build configuration list for PBXProject "Mediashare" */;
			compatibilityVersion = "Xcode 3.2";
			developmentRegion = en;
			hasScannedForEncodings = 0;
			knownRegions = (
				en,
				Base,
			);
			mainGroup = 83CBB9F61A601CBA00E9B192;
			productRefGroup = 83CBBA001A601CBA00E9B192 /* Products */;
			projectDirPath = "";
			projectRoot = "";
			targets = (
				13B07F861A680F5B00A75B9A /* Mediashare */,
				00E356ED1AD99517003FC87E /* MediashareTests */,
			);
		};
/* End PBXProject section */

/* Begin PBXResourcesBuildPhase section */
		00E356EC1AD99517003FC87E /* Resources */ = {
			isa = PBXResourcesBuildPhase;
			buildActionMask = 2147483647;
			files = (
			);
			runOnlyForDeploymentPostprocessing = 0;
		};
		13B07F8E1A680F5B00A75B9A /* Resources */ = {
			isa = PBXResourcesBuildPhase;
			buildActionMask = 2147483647;
			files = (
				81AB9BB82411601600AC10FF /* LaunchScreen.storyboard in Resources */,
				13B07FBF1A68108700A75B9A /* Images.xcassets in Resources */,
				A4441E043EBA4CCCA069B301 /* CircularStd-Black.otf in Resources */,
				374C32BAAF2C4E04A01E7415 /* CircularStd-BlackItalic.otf in Resources */,
				CDD5398CBF6A4CA5B04D1795 /* CircularStd-Bold.otf in Resources */,
				F34E2D9A43D0407CB6551CD5 /* CircularStd-BoldItalic.otf in Resources */,
				A3F21828F9A740088F196AC8 /* CircularStd-Book.otf in Resources */,
				B8AD400AE57D44CBB2D036CD /* CircularStd-BookItalic.otf in Resources */,
				E062192C2A2245DAB643FB6A /* CircularStd-Light.otf in Resources */,
				6380C73569EA4BE294113031 /* CircularStd-Medium.otf in Resources */,
				83B17529E6F2436283F31DA6 /* CircularStd-MediumItalic.otf in Resources */,
				0EC594B346514E60A4E447E1 /* CircularStd-LightItalic.otf in Resources */,
			);
			runOnlyForDeploymentPostprocessing = 0;
		};
/* End PBXResourcesBuildPhase section */

/* Begin PBXShellScriptBuildPhase section */
		00DD1BFF1BD5951E006B06BC /* Bundle React Native code and images */ = {
			isa = PBXShellScriptBuildPhase;
			buildActionMask = 2147483647;
			files = (
			);
			inputPaths = (
			);
			name = "Bundle React Native code and images";
			outputPaths = (
			);
			runOnlyForDeploymentPostprocessing = 0;
			shellPath = /bin/sh;
			shellScript = "export NODE_BINARY=node\n../node_modules/react-native/scripts/react-native-xcode.sh\n";
		};
		0F356668BEF096F8E2944470 /* [CP] Check Pods Manifest.lock */ = {
			isa = PBXShellScriptBuildPhase;
			buildActionMask = 2147483647;
			files = (
			);
			inputFileListPaths = (
			);
			inputPaths = (
				"${PODS_PODFILE_DIR_PATH}/Podfile.lock",
				"${PODS_ROOT}/Manifest.lock",
			);
			name = "[CP] Check Pods Manifest.lock";
			outputFileListPaths = (
			);
			outputPaths = (
				"$(DERIVED_FILE_DIR)/Pods-Mediashare-checkManifestLockResult.txt",
			);
			runOnlyForDeploymentPostprocessing = 0;
			shellPath = /bin/sh;
			shellScript = "diff \"${PODS_PODFILE_DIR_PATH}/Podfile.lock\" \"${PODS_ROOT}/Manifest.lock\" > /dev/null\nif [ $? != 0 ] ; then\n    # print error to STDERR\n    echo \"error: The sandbox is not in sync with the Podfile.lock. Run 'pod install' or update your CocoaPods installation.\" >&2\n    exit 1\nfi\n# This output is used by Xcode 'outputs' to avoid re-running this script phase.\necho \"SUCCESS\" > \"${SCRIPT_OUTPUT_FILE_0}\"\n";
			showEnvVarsInLog = 0;
		};
		BE1608DD764133EE5B7E49AA /* [CP] Copy Pods Resources */ = {
			isa = PBXShellScriptBuildPhase;
			buildActionMask = 2147483647;
			files = (
			);
			inputPaths = (
				"${PODS_ROOT}/Target Support Files/Pods-Mediashare-MediashareTests/Pods-Mediashare-MediashareTests-resources.sh",
				"${PODS_ROOT}/../../node_modules/react-native-vector-icons/Fonts/AntDesign.ttf",
				"${PODS_ROOT}/../../node_modules/react-native-vector-icons/Fonts/Entypo.ttf",
				"${PODS_ROOT}/../../node_modules/react-native-vector-icons/Fonts/EvilIcons.ttf",
				"${PODS_ROOT}/../../node_modules/react-native-vector-icons/Fonts/Feather.ttf",
				"${PODS_ROOT}/../../node_modules/react-native-vector-icons/Fonts/FontAwesome.ttf",
				"${PODS_ROOT}/../../node_modules/react-native-vector-icons/Fonts/FontAwesome5_Brands.ttf",
				"${PODS_ROOT}/../../node_modules/react-native-vector-icons/Fonts/FontAwesome5_Regular.ttf",
				"${PODS_ROOT}/../../node_modules/react-native-vector-icons/Fonts/FontAwesome5_Solid.ttf",
				"${PODS_ROOT}/../../node_modules/react-native-vector-icons/Fonts/Fontisto.ttf",
				"${PODS_ROOT}/../../node_modules/react-native-vector-icons/Fonts/Foundation.ttf",
				"${PODS_ROOT}/../../node_modules/react-native-vector-icons/Fonts/Ionicons.ttf",
				"${PODS_ROOT}/../../node_modules/react-native-vector-icons/Fonts/MaterialCommunityIcons.ttf",
				"${PODS_ROOT}/../../node_modules/react-native-vector-icons/Fonts/MaterialIcons.ttf",
				"${PODS_ROOT}/../../node_modules/react-native-vector-icons/Fonts/Octicons.ttf",
				"${PODS_ROOT}/../../node_modules/react-native-vector-icons/Fonts/SimpleLineIcons.ttf",
				"${PODS_ROOT}/../../node_modules/react-native-vector-icons/Fonts/Zocial.ttf",
				"${PODS_CONFIGURATION_BUILD_DIR}/React-Core/AccessibilityResources.bundle",
			);
			name = "[CP] Copy Pods Resources";
			outputPaths = (
				"${TARGET_BUILD_DIR}/${UNLOCALIZED_RESOURCES_FOLDER_PATH}/AntDesign.ttf",
				"${TARGET_BUILD_DIR}/${UNLOCALIZED_RESOURCES_FOLDER_PATH}/Entypo.ttf",
				"${TARGET_BUILD_DIR}/${UNLOCALIZED_RESOURCES_FOLDER_PATH}/EvilIcons.ttf",
				"${TARGET_BUILD_DIR}/${UNLOCALIZED_RESOURCES_FOLDER_PATH}/Feather.ttf",
				"${TARGET_BUILD_DIR}/${UNLOCALIZED_RESOURCES_FOLDER_PATH}/FontAwesome.ttf",
				"${TARGET_BUILD_DIR}/${UNLOCALIZED_RESOURCES_FOLDER_PATH}/FontAwesome5_Brands.ttf",
				"${TARGET_BUILD_DIR}/${UNLOCALIZED_RESOURCES_FOLDER_PATH}/FontAwesome5_Regular.ttf",
				"${TARGET_BUILD_DIR}/${UNLOCALIZED_RESOURCES_FOLDER_PATH}/FontAwesome5_Solid.ttf",
				"${TARGET_BUILD_DIR}/${UNLOCALIZED_RESOURCES_FOLDER_PATH}/Fontisto.ttf",
				"${TARGET_BUILD_DIR}/${UNLOCALIZED_RESOURCES_FOLDER_PATH}/Foundation.ttf",
				"${TARGET_BUILD_DIR}/${UNLOCALIZED_RESOURCES_FOLDER_PATH}/Ionicons.ttf",
				"${TARGET_BUILD_DIR}/${UNLOCALIZED_RESOURCES_FOLDER_PATH}/MaterialCommunityIcons.ttf",
				"${TARGET_BUILD_DIR}/${UNLOCALIZED_RESOURCES_FOLDER_PATH}/MaterialIcons.ttf",
				"${TARGET_BUILD_DIR}/${UNLOCALIZED_RESOURCES_FOLDER_PATH}/Octicons.ttf",
				"${TARGET_BUILD_DIR}/${UNLOCALIZED_RESOURCES_FOLDER_PATH}/SimpleLineIcons.ttf",
				"${TARGET_BUILD_DIR}/${UNLOCALIZED_RESOURCES_FOLDER_PATH}/Zocial.ttf",
				"${TARGET_BUILD_DIR}/${UNLOCALIZED_RESOURCES_FOLDER_PATH}/AccessibilityResources.bundle",
			);
			runOnlyForDeploymentPostprocessing = 0;
			shellPath = /bin/sh;
			shellScript = "\"${PODS_ROOT}/Target Support Files/Pods-Mediashare-MediashareTests/Pods-Mediashare-MediashareTests-resources.sh\"\n";
			showEnvVarsInLog = 0;
		};
		C82611EF4018FB72F1FD575A /* [CP] Check Pods Manifest.lock */ = {
			isa = PBXShellScriptBuildPhase;
			buildActionMask = 2147483647;
			files = (
			);
			inputFileListPaths = (
			);
			inputPaths = (
				"${PODS_PODFILE_DIR_PATH}/Podfile.lock",
				"${PODS_ROOT}/Manifest.lock",
			);
			name = "[CP] Check Pods Manifest.lock";
			outputFileListPaths = (
			);
			outputPaths = (
				"$(DERIVED_FILE_DIR)/Pods-Mediashare-MediashareTests-checkManifestLockResult.txt",
			);
			runOnlyForDeploymentPostprocessing = 0;
			shellPath = /bin/sh;
			shellScript = "diff \"${PODS_PODFILE_DIR_PATH}/Podfile.lock\" \"${PODS_ROOT}/Manifest.lock\" > /dev/null\nif [ $? != 0 ] ; then\n    # print error to STDERR\n    echo \"error: The sandbox is not in sync with the Podfile.lock. Run 'pod install' or update your CocoaPods installation.\" >&2\n    exit 1\nfi\n# This output is used by Xcode 'outputs' to avoid re-running this script phase.\necho \"SUCCESS\" > \"${SCRIPT_OUTPUT_FILE_0}\"\n";
			showEnvVarsInLog = 0;
		};
		CB91C778A18B58A2D2C9F85A /* [CP] Copy Pods Resources */ = {
			isa = PBXShellScriptBuildPhase;
			buildActionMask = 2147483647;
			files = (
			);
			inputPaths = (
				"${PODS_ROOT}/Target Support Files/Pods-Mediashare/Pods-Mediashare-resources.sh",
				"${PODS_ROOT}/../../node_modules/react-native-vector-icons/Fonts/AntDesign.ttf",
				"${PODS_ROOT}/../../node_modules/react-native-vector-icons/Fonts/Entypo.ttf",
				"${PODS_ROOT}/../../node_modules/react-native-vector-icons/Fonts/EvilIcons.ttf",
				"${PODS_ROOT}/../../node_modules/react-native-vector-icons/Fonts/Feather.ttf",
				"${PODS_ROOT}/../../node_modules/react-native-vector-icons/Fonts/FontAwesome.ttf",
				"${PODS_ROOT}/../../node_modules/react-native-vector-icons/Fonts/FontAwesome5_Brands.ttf",
				"${PODS_ROOT}/../../node_modules/react-native-vector-icons/Fonts/FontAwesome5_Regular.ttf",
				"${PODS_ROOT}/../../node_modules/react-native-vector-icons/Fonts/FontAwesome5_Solid.ttf",
				"${PODS_ROOT}/../../node_modules/react-native-vector-icons/Fonts/Fontisto.ttf",
				"${PODS_ROOT}/../../node_modules/react-native-vector-icons/Fonts/Foundation.ttf",
				"${PODS_ROOT}/../../node_modules/react-native-vector-icons/Fonts/Ionicons.ttf",
				"${PODS_ROOT}/../../node_modules/react-native-vector-icons/Fonts/MaterialCommunityIcons.ttf",
				"${PODS_ROOT}/../../node_modules/react-native-vector-icons/Fonts/MaterialIcons.ttf",
				"${PODS_ROOT}/../../node_modules/react-native-vector-icons/Fonts/Octicons.ttf",
				"${PODS_ROOT}/../../node_modules/react-native-vector-icons/Fonts/SimpleLineIcons.ttf",
				"${PODS_ROOT}/../../node_modules/react-native-vector-icons/Fonts/Zocial.ttf",
				"${PODS_CONFIGURATION_BUILD_DIR}/React-Core/AccessibilityResources.bundle",
			);
			name = "[CP] Copy Pods Resources";
			outputPaths = (
				"${TARGET_BUILD_DIR}/${UNLOCALIZED_RESOURCES_FOLDER_PATH}/AntDesign.ttf",
				"${TARGET_BUILD_DIR}/${UNLOCALIZED_RESOURCES_FOLDER_PATH}/Entypo.ttf",
				"${TARGET_BUILD_DIR}/${UNLOCALIZED_RESOURCES_FOLDER_PATH}/EvilIcons.ttf",
				"${TARGET_BUILD_DIR}/${UNLOCALIZED_RESOURCES_FOLDER_PATH}/Feather.ttf",
				"${TARGET_BUILD_DIR}/${UNLOCALIZED_RESOURCES_FOLDER_PATH}/FontAwesome.ttf",
				"${TARGET_BUILD_DIR}/${UNLOCALIZED_RESOURCES_FOLDER_PATH}/FontAwesome5_Brands.ttf",
				"${TARGET_BUILD_DIR}/${UNLOCALIZED_RESOURCES_FOLDER_PATH}/FontAwesome5_Regular.ttf",
				"${TARGET_BUILD_DIR}/${UNLOCALIZED_RESOURCES_FOLDER_PATH}/FontAwesome5_Solid.ttf",
				"${TARGET_BUILD_DIR}/${UNLOCALIZED_RESOURCES_FOLDER_PATH}/Fontisto.ttf",
				"${TARGET_BUILD_DIR}/${UNLOCALIZED_RESOURCES_FOLDER_PATH}/Foundation.ttf",
				"${TARGET_BUILD_DIR}/${UNLOCALIZED_RESOURCES_FOLDER_PATH}/Ionicons.ttf",
				"${TARGET_BUILD_DIR}/${UNLOCALIZED_RESOURCES_FOLDER_PATH}/MaterialCommunityIcons.ttf",
				"${TARGET_BUILD_DIR}/${UNLOCALIZED_RESOURCES_FOLDER_PATH}/MaterialIcons.ttf",
				"${TARGET_BUILD_DIR}/${UNLOCALIZED_RESOURCES_FOLDER_PATH}/Octicons.ttf",
				"${TARGET_BUILD_DIR}/${UNLOCALIZED_RESOURCES_FOLDER_PATH}/SimpleLineIcons.ttf",
				"${TARGET_BUILD_DIR}/${UNLOCALIZED_RESOURCES_FOLDER_PATH}/Zocial.ttf",
				"${TARGET_BUILD_DIR}/${UNLOCALIZED_RESOURCES_FOLDER_PATH}/AccessibilityResources.bundle",
			);
			runOnlyForDeploymentPostprocessing = 0;
			shellPath = /bin/sh;
			shellScript = "\"${PODS_ROOT}/Target Support Files/Pods-Mediashare/Pods-Mediashare-resources.sh\"\n";
			showEnvVarsInLog = 0;
		};
		FD10A7F022414F080027D42C /* Start Packager */ = {
			isa = PBXShellScriptBuildPhase;
			buildActionMask = 2147483647;
			files = (
			);
			inputFileListPaths = (
			);
			inputPaths = (
			);
			name = "Start Packager";
			outputFileListPaths = (
			);
			outputPaths = (
			);
			runOnlyForDeploymentPostprocessing = 0;
			shellPath = /bin/sh;
			shellScript = "export RCT_METRO_PORT=\"${RCT_METRO_PORT:=8081}\"\necho \"export RCT_METRO_PORT=${RCT_METRO_PORT}\" > \"${SRCROOT}/../node_modules/react-native/scripts/.packager.env\"\nif [ -z \"${RCT_NO_LAUNCH_PACKAGER+xxx}\" ] ; then\n  if nc -w 5 -z localhost ${RCT_METRO_PORT} ; then\n    if ! curl -s \"http://localhost:${RCT_METRO_PORT}/status\" | grep -q \"packager-status:running\" ; then\n      echo \"Port ${RCT_METRO_PORT} already in use, packager is either not running or not running correctly\"\n      exit 2\n    fi\n  else\n    open \"$SRCROOT/../node_modules/react-native/scripts/launchPackager.command\" || echo \"Can't start packager automatically\"\n  fi\nfi\n";
			showEnvVarsInLog = 0;
		};
/* End PBXShellScriptBuildPhase section */

/* Begin PBXSourcesBuildPhase section */
		00E356EA1AD99517003FC87E /* Sources */ = {
			isa = PBXSourcesBuildPhase;
			buildActionMask = 2147483647;
			files = (
				00E356F31AD99517003FC87E /* MediashareTests.m in Sources */,
			);
			runOnlyForDeploymentPostprocessing = 0;
		};
		13B07F871A680F5B00A75B9A /* Sources */ = {
			isa = PBXSourcesBuildPhase;
			buildActionMask = 2147483647;
			files = (
				13B07FBC1A68108700A75B9A /* AppDelegate.m in Sources */,
				13B07FC11A68108700A75B9A /* main.m in Sources */,
			);
			runOnlyForDeploymentPostprocessing = 0;
		};
/* End PBXSourcesBuildPhase section */

/* Begin PBXTargetDependency section */
		00E356F51AD99517003FC87E /* PBXTargetDependency */ = {
			isa = PBXTargetDependency;
			target = 13B07F861A680F5B00A75B9A /* Mediashare */;
			targetProxy = 00E356F41AD99517003FC87E /* PBXContainerItemProxy */;
		};
/* End PBXTargetDependency section */

/* Begin XCBuildConfiguration section */
		00E356F61AD99517003FC87E /* Debug */ = {
			isa = XCBuildConfiguration;
			baseConfigurationReference = 610153A94495903734743B68 /* Pods-Mediashare-MediashareTests.debug.xcconfig */;
			buildSettings = {
				ALWAYS_EMBED_SWIFT_STANDARD_LIBRARIES = YES;
				BUNDLE_LOADER = "$(TEST_HOST)";
				DEVELOPMENT_TEAM = FJ6MVY73F3;
				GCC_PREPROCESSOR_DEFINITIONS = (
					"DEBUG=1",
					"$(inherited)",
				);
				INFOPLIST_FILE = MediashareTests/Info.plist;
				IPHONEOS_DEPLOYMENT_TARGET = 12.0;
				LD_RUNPATH_SEARCH_PATHS = "$(inherited) @executable_path/Frameworks @loader_path/Frameworks";
				OTHER_LDFLAGS = (
					"-ObjC",
					"-lc++",
					"$(inherited)",
				);
				PRODUCT_BUNDLE_IDENTIFIER = "org.reactjs.native.example.$(PRODUCT_NAME:rfc1034identifier)";
				PRODUCT_NAME = "$(TARGET_NAME)";
				TEST_HOST = "$(BUILT_PRODUCTS_DIR)/Mediashare.app/Mediashare";
			};
			name = Debug;
		};
		00E356F71AD99517003FC87E /* Release */ = {
			isa = XCBuildConfiguration;
			baseConfigurationReference = 17F012ECE62A22FF6483FD24 /* Pods-Mediashare-MediashareTests.release.xcconfig */;
			buildSettings = {
				ALWAYS_EMBED_SWIFT_STANDARD_LIBRARIES = YES;
				BUNDLE_LOADER = "$(TEST_HOST)";
				COPY_PHASE_STRIP = NO;
				DEVELOPMENT_TEAM = FJ6MVY73F3;
				INFOPLIST_FILE = MediashareTests/Info.plist;
				IPHONEOS_DEPLOYMENT_TARGET = 12.0;
				LD_RUNPATH_SEARCH_PATHS = "$(inherited) @executable_path/Frameworks @loader_path/Frameworks";
				OTHER_LDFLAGS = (
					"-ObjC",
					"-lc++",
					"$(inherited)",
				);
				PRODUCT_BUNDLE_IDENTIFIER = "org.reactjs.native.example.$(PRODUCT_NAME:rfc1034identifier)";
				PRODUCT_NAME = "$(TARGET_NAME)";
				TEST_HOST = "$(BUILT_PRODUCTS_DIR)/Mediashare.app/Mediashare";
			};
			name = Release;
		};
		13B07F941A680F5B00A75B9A /* Debug */ = {
			isa = XCBuildConfiguration;
			baseConfigurationReference = 349A0205A3CD5FB39AC9E843 /* Pods-Mediashare.debug.xcconfig */;
			buildSettings = {
				ASSETCATALOG_COMPILER_APPICON_NAME = AppIcon;
				CLANG_ENABLE_MODULES = YES;
				CODE_SIGN_IDENTITY = "iPhone Distribution: Lucas Lopatka (TMV5NU32P9)";
				CODE_SIGN_STYLE = Manual;
				CURRENT_PROJECT_VERSION = 1;
				DEVELOPMENT_TEAM = TMV5NU32P9;
				ENABLE_BITCODE = NO;
				INFOPLIST_FILE = Mediashare/Info.plist;
				IPHONEOS_DEPLOYMENT_TARGET = 12.0;
				LD_RUNPATH_SEARCH_PATHS = "$(inherited) @executable_path/Frameworks";
				MARKETING_VERSION = 0.0.1;
				OTHER_LDFLAGS = (
					"$(inherited)",
					"-ObjC",
					"-lc++",
				);
				PRODUCT_BUNDLE_IDENTIFIER = oi.bluecollardev.mediashare;
				PRODUCT_NAME = Mediashare;
				PROVISIONING_PROFILE_SPECIFIER = "Mediashare iOS Distribution";
				SWIFT_OPTIMIZATION_LEVEL = "-Onone";
				SWIFT_VERSION = 5.0;
				TARGETED_DEVICE_FAMILY = 1;
				VERSIONING_SYSTEM = "apple-generic";
			};
			name = Debug;
		};
		13B07F951A680F5B00A75B9A /* Release */ = {
			isa = XCBuildConfiguration;
			baseConfigurationReference = D1CA35F83C366C7FF8395540 /* Pods-Mediashare.release.xcconfig */;
			buildSettings = {
				ASSETCATALOG_COMPILER_APPICON_NAME = AppIcon;
				CLANG_ENABLE_MODULES = YES;
				CODE_SIGN_ENTITLEMENTS = Mediashare/MediashareRelease.entitlements;
				CODE_SIGN_IDENTITY = "iPhone Distribution: Lucas Lopatka (TMV5NU32P9)";
				CODE_SIGN_STYLE = Manual;
				CURRENT_PROJECT_VERSION = 1;
				DEVELOPMENT_TEAM = TMV5NU32P9;
				INFOPLIST_FILE = Mediashare/Info.plist;
				IPHONEOS_DEPLOYMENT_TARGET = 12.0;
				LD_RUNPATH_SEARCH_PATHS = "$(inherited) @executable_path/Frameworks";
				MARKETING_VERSION = 0.0.1;
				OTHER_LDFLAGS = (
					"$(inherited)",
					"-ObjC",
					"-lc++",
				);
				PRODUCT_BUNDLE_IDENTIFIER = oi.bluecollardev.mediashare;
				PRODUCT_NAME = Mediashare;
				PROVISIONING_PROFILE_SPECIFIER = "Mediashare iOS Distribution";
				SWIFT_VERSION = 5.0;
				TARGETED_DEVICE_FAMILY = 1;
				VERSIONING_SYSTEM = "apple-generic";
			};
			name = Release;
		};
		83CBBA201A601CBA00E9B192 /* Debug */ = {
			isa = XCBuildConfiguration;
			buildSettings = {
				ALWAYS_SEARCH_USER_PATHS = NO;
				CLANG_ANALYZER_LOCALIZABILITY_NONLOCALIZED = YES;
				CLANG_CXX_LANGUAGE_STANDARD = "gnu++0x";
				CLANG_CXX_LIBRARY = "libc++";
				CLANG_ENABLE_MODULES = YES;
				CLANG_ENABLE_OBJC_ARC = YES;
				CLANG_WARN_BLOCK_CAPTURE_AUTORELEASING = YES;
				CLANG_WARN_BOOL_CONVERSION = YES;
				CLANG_WARN_COMMA = YES;
				CLANG_WARN_CONSTANT_CONVERSION = YES;
				CLANG_WARN_DEPRECATED_OBJC_IMPLEMENTATIONS = YES;
				CLANG_WARN_DIRECT_OBJC_ISA_USAGE = YES_ERROR;
				CLANG_WARN_EMPTY_BODY = YES;
				CLANG_WARN_ENUM_CONVERSION = YES;
				CLANG_WARN_INFINITE_RECURSION = YES;
				CLANG_WARN_INT_CONVERSION = YES;
				CLANG_WARN_NON_LITERAL_NULL_CONVERSION = YES;
				CLANG_WARN_OBJC_IMPLICIT_RETAIN_SELF = YES;
				CLANG_WARN_OBJC_LITERAL_CONVERSION = YES;
				CLANG_WARN_OBJC_ROOT_CLASS = YES_ERROR;
				CLANG_WARN_QUOTED_INCLUDE_IN_FRAMEWORK_HEADER = YES;
				CLANG_WARN_RANGE_LOOP_ANALYSIS = YES;
				CLANG_WARN_STRICT_PROTOTYPES = YES;
				CLANG_WARN_SUSPICIOUS_MOVE = YES;
				CLANG_WARN_UNREACHABLE_CODE = YES;
				CLANG_WARN__DUPLICATE_METHOD_MATCH = YES;
				CODE_SIGN_IDENTITY = "iPhone Distribution: Lucas Lopatka (TMV5NU32P9)";
				"CODE_SIGN_IDENTITY[sdk=iphoneos*]" = "iPhone Distribution: Lucas Lopatka (TMV5NU32P9)";
				COPY_PHASE_STRIP = NO;
				DEVELOPMENT_TEAM = TMV5NU32P9;
				ENABLE_STRICT_OBJC_MSGSEND = YES;
				ENABLE_TESTABILITY = YES;
				GCC_C_LANGUAGE_STANDARD = gnu99;
				GCC_DYNAMIC_NO_PIC = NO;
				GCC_NO_COMMON_BLOCKS = YES;
				GCC_OPTIMIZATION_LEVEL = 0;
				GCC_PREPROCESSOR_DEFINITIONS = (
					"DEBUG=1",
					"$(inherited)",
				);
				GCC_SYMBOLS_PRIVATE_EXTERN = NO;
				GCC_WARN_64_TO_32_BIT_CONVERSION = YES;
				GCC_WARN_ABOUT_RETURN_TYPE = YES_ERROR;
				GCC_WARN_UNDECLARED_SELECTOR = YES;
				GCC_WARN_UNINITIALIZED_AUTOS = YES_AGGRESSIVE;
				GCC_WARN_UNUSED_FUNCTION = YES;
				GCC_WARN_UNUSED_VARIABLE = YES;
				IPHONEOS_DEPLOYMENT_TARGET = 12.0;
				LD_RUNPATH_SEARCH_PATHS = "/usr/lib/swift $(inherited)";
				LIBRARY_SEARCH_PATHS = (
					"\"$(TOOLCHAIN_DIR)/usr/lib/swift/$(PLATFORM_NAME)\"",
					"\"$(TOOLCHAIN_DIR)/usr/lib/swift-5.0/$(PLATFORM_NAME)\"",
					"\"$(inherited)\"",
				);
				MTL_ENABLE_DEBUG_INFO = YES;
				ONLY_ACTIVE_ARCH = YES;
				SDKROOT = iphoneos;
			};
			name = Debug;
		};
		83CBBA211A601CBA00E9B192 /* Release */ = {
			isa = XCBuildConfiguration;
			buildSettings = {
				ALWAYS_SEARCH_USER_PATHS = NO;
				CLANG_ANALYZER_LOCALIZABILITY_NONLOCALIZED = YES;
				CLANG_CXX_LANGUAGE_STANDARD = "gnu++0x";
				CLANG_CXX_LIBRARY = "libc++";
				CLANG_ENABLE_MODULES = YES;
				CLANG_ENABLE_OBJC_ARC = YES;
				CLANG_WARN_BLOCK_CAPTURE_AUTORELEASING = YES;
				CLANG_WARN_BOOL_CONVERSION = YES;
				CLANG_WARN_COMMA = YES;
				CLANG_WARN_CONSTANT_CONVERSION = YES;
				CLANG_WARN_DEPRECATED_OBJC_IMPLEMENTATIONS = YES;
				CLANG_WARN_DIRECT_OBJC_ISA_USAGE = YES_ERROR;
				CLANG_WARN_EMPTY_BODY = YES;
				CLANG_WARN_ENUM_CONVERSION = YES;
				CLANG_WARN_INFINITE_RECURSION = YES;
				CLANG_WARN_INT_CONVERSION = YES;
				CLANG_WARN_NON_LITERAL_NULL_CONVERSION = YES;
				CLANG_WARN_OBJC_IMPLICIT_RETAIN_SELF = YES;
				CLANG_WARN_OBJC_LITERAL_CONVERSION = YES;
				CLANG_WARN_OBJC_ROOT_CLASS = YES_ERROR;
				CLANG_WARN_QUOTED_INCLUDE_IN_FRAMEWORK_HEADER = YES;
				CLANG_WARN_RANGE_LOOP_ANALYSIS = YES;
				CLANG_WARN_STRICT_PROTOTYPES = YES;
				CLANG_WARN_SUSPICIOUS_MOVE = YES;
				CLANG_WARN_UNREACHABLE_CODE = YES;
				CLANG_WARN__DUPLICATE_METHOD_MATCH = YES;
				CODE_SIGN_IDENTITY = "iPhone Distribution: Lucas Lopatka (TMV5NU32P9)";
				"CODE_SIGN_IDENTITY[sdk=iphoneos*]" = "iPhone Distribution: Lucas Lopatka (TMV5NU32P9)";
				COPY_PHASE_STRIP = YES;
				DEVELOPMENT_TEAM = TMV5NU32P9;
				ENABLE_NS_ASSERTIONS = NO;
				ENABLE_STRICT_OBJC_MSGSEND = YES;
				GCC_C_LANGUAGE_STANDARD = gnu99;
				GCC_NO_COMMON_BLOCKS = YES;
				GCC_WARN_64_TO_32_BIT_CONVERSION = YES;
				GCC_WARN_ABOUT_RETURN_TYPE = YES_ERROR;
				GCC_WARN_UNDECLARED_SELECTOR = YES;
				GCC_WARN_UNINITIALIZED_AUTOS = YES_AGGRESSIVE;
				GCC_WARN_UNUSED_FUNCTION = YES;
				GCC_WARN_UNUSED_VARIABLE = YES;
				IPHONEOS_DEPLOYMENT_TARGET = 12.0;
				LD_RUNPATH_SEARCH_PATHS = "/usr/lib/swift $(inherited)";
				LIBRARY_SEARCH_PATHS = (
					"\"$(TOOLCHAIN_DIR)/usr/lib/swift/$(PLATFORM_NAME)\"",
					"\"$(TOOLCHAIN_DIR)/usr/lib/swift-5.0/$(PLATFORM_NAME)\"",
					"\"$(inherited)\"",
				);
				MTL_ENABLE_DEBUG_INFO = NO;
				SDKROOT = iphoneos;
				VALIDATE_PRODUCT = YES;
			};
			name = Release;
		};
/* End XCBuildConfiguration section */

/* Begin XCConfigurationList section */
		00E357021AD99517003FC87E /* Build configuration list for PBXNativeTarget "MediashareTests" */ = {
			isa = XCConfigurationList;
			buildConfigurations = (
				00E356F61AD99517003FC87E /* Debug */,
				00E356F71AD99517003FC87E /* Release */,
			);
			defaultConfigurationIsVisible = 0;
			defaultConfigurationName = Release;
		};
		13B07F931A680F5B00A75B9A /* Build configuration list for PBXNativeTarget "Mediashare" */ = {
			isa = XCConfigurationList;
			buildConfigurations = (
				13B07F941A680F5B00A75B9A /* Debug */,
				13B07F951A680F5B00A75B9A /* Release */,
			);
			defaultConfigurationIsVisible = 0;
			defaultConfigurationName = Release;
		};
		83CBB9FA1A601CBA00E9B192 /* Build configuration list for PBXProject "Mediashare" */ = {
			isa = XCConfigurationList;
			buildConfigurations = (
				83CBBA201A601CBA00E9B192 /* Debug */,
				83CBBA211A601CBA00E9B192 /* Release */,
			);
			defaultConfigurationIsVisible = 0;
			defaultConfigurationName = Release;
		};
/* End XCConfigurationList section */
	};
	rootObject = 83CBB9F71A601CBA00E9B192 /* Project object */;
}
